version = 1
revision = 3
requires-python = "==3.14.*"

[[package]]
name = "aiosqlite"
version = "0.22.1"
source = { registry = "https://pypi.org/simple" }
sdist = { url = "https://files.pythonhosted.org/packages/4e/8a/64761f4005f17809769d23e518d915db74e6310474e733e3593cfc854ef1/aiosqlite-0.22.1.tar.gz", hash = "sha256:043e0bd78d32888c0a9ca90fc788b38796843360c855a7262a532813133a0650", size = 14821, upload-time = "2025-12-23T19:25:43.997Z" }
wheels = [
    { url = "https://files.pythonhosted.org/packages/00/b7/e3bf5133d697a08128598c8d0abc5e16377b51465a33756de24fa7dee953/aiosqlite-0.22.1-py3-none-any.whl", hash = "sha256:21c002eb13823fad740196c5a2e9d8e62f6243bd9e7e4a1f87fb5e44ecb4fceb", size = 17405, upload-time = "2025-12-23T19:25:42.139Z" },
]

[[package]]
name = "colorama"
version = "0.4.6"
source = { registry = "https://pypi.org/simple" }
sdist = { url = "https://files.pythonhosted.org/packages/d8/53/6f443c9a4a8358a93a6792e2acffb9d9d5cb0a5cfd8802644b7b1c9a02e4/colorama-0.4.6.tar.gz", hash = "sha256:08695f5cb7ed6e0531a20572697297273c47b8cae5a63ffc6d6ed5c201be6e44", size = 27697, upload-time = "2022-10-25T02:36:22.414Z" }
wheels = [
    { url = "https://files.pythonhosted.org/packages/d1/d6/3965ed04c63042e047cb6a3e6ed1a63a35087b6a609aa3a15ed8ac56c221/colorama-0.4.6-py2.py3-none-any.whl", hash = "sha256:4f1d9991f5acc0ca119f9d443620b77f9d6b33703e51011c16baf57afb285fc6", size = 25335, upload-time = "2022-10-25T02:36:20.889Z" },
]

[[package]]
name = "coverage"
version = "7.16.0"
source = { registry = "https://pypi.org/simple" }
sdist = { url = "https://files.pythonhosted.org/packages/d1/f5/deb1a27aa20746c0278ac998c4179e272004699b2d33959ce020c5ac1615/coverage-7.16.0.tar.gz", hash = "sha256:077f0964087883176ff6ab9b074694cae29f8c708273b13ca62c183c6ed716cd", size = 945620, upload-time = "2026-08-28T21:54:37.74Z" }
wheels = [
    { url = "https://files.pythonhosted.org/packages/ea/73/850675f262391b322c4c988b6cdc32cdc6629288f0fb158687b587a393a8/coverage-7.16.0-cp314-cp314-macosx_10_15_x86_64.whl", hash = "sha256:54b7fba6a74d010de34319a0419d5b65af8c00f539ad0b6f39fc6f342ab99697", size = 223258, upload-time = "2026-08-28T21:52:23.558Z" },
    { url = "https://files.pythonhosted.org/packages/61/c1/4f54c6d47c80d1cc58ef8fe6b74e6eb50f9e2c0f6e2de6cf38dbca2937b8/coverage-7.16.0-cp314-cp314-macosx_11_0_arm64.whl", hash = "sha256:fa4ff0b3dd52208d2b30903022d5087f82000507b504753dfeee83e4f32d6883", size = 223587, upload-time = "2026-08-28T21:52:25.627Z" },
    { url = "https://files.pythonhosted.org/packages/3c/be/298f2456230fb44e272a4e53a41b3f3c39f0821c242d7b7daa9787b4d6f7/coverage-7.16.0-cp314-cp314-manylinux1_i686.manylinux_2_28_i686.manylinux_2_5_i686.whl", hash = "sha256:35a9676bf86097f790113ebd9fb67681804ef54d40941d2f10ba68c02239e575", size = 254632, upload-time = "2026-08-28T21:52:27.689Z" },
    { url = "https://files.pythonhosted.org/packages/a3/9c/a1bda6439c19c4783d50df896142b67b9e7d432db36675d339a32778669d/coverage-7.16.0-cp314-cp314-manylinux1_x86_64.manylinux_2_28_x86_64.manylinux_2_5_x86_64.whl", hash = "sha256:f98d438add63546745e5e847192e3e9ab897ed6f2ca96f8281e2f5a15958ae62", size = 257139, upload-time = "2026-08-28T21:52:29.741Z" },
    { url = "https://files.pythonhosted.org/packages/f8/cd/cd735c9be757f97237c305f36897a5e5b348bdbc12ebed3b2b80060dd8a9/coverage-7.16.0-cp314-cp314-manylinux2014_aarch64.manylinux_2_17_aarch64.manylinux_2_28_aarch64.whl", hash = "sha256:151855767480be14db595cbc2040f6a4db965cdfeebd354d79b0256742b029e0", size = 258484, upload-time = "2026-08-28T21:52:31.68Z" },
    { url = "https://files.pythonhosted.org/packages/e4/04/84b2e1e8aae9db3f549782f28ce25bba5fd6a9c7bfba3782ffe8b4cd2559/coverage-7.16.0-cp314-cp314-manylinux2014_ppc64le.manylinux_2_17_ppc64le.manylinux_2_28_ppc64le.whl", hash = "sha256:183613f664718b340589d7f005c7e92b4b601cffd20a8a4117cfda3e983b080f", size = 260798, upload-time = "2026-08-28T21:52:33.642Z" },
    { url = "https://files.pythonhosted.org/packages/8a/4f/e04cf52483619a4dc5dd6367b30c9a8ac52243567fdfacec9b11a441565c/coverage-7.16.0-cp314-cp314-manylinux_2_31_riscv64.manylinux_2_39_riscv64.whl", hash = "sha256:785b114356c99c0dd5b3f57b9696cfd57b7704f4c53847df8dc88c6cc0d9bcb6", size = 254612, upload-time = "2026-08-28T21:52:35.543Z" },
    { url = "https://files.pythonhosted.org/packages/da/33/627c4113f66bfffd43807f54dbf080c4632ecf12e4ef7a3bdd4ec38e46a2/coverage-7.16.0-cp314-cp314-musllinux_1_2_aarch64.whl", hash = "sha256:30f5aee6d1d517abcdfd4f9cad027969ff79a1440a22da263f9514e31b5b66e9", size = 256495, upload-time = "2026-08-28T21:52:37.485Z" },
    { url = "https://files.pythonhosted.org/packages/3c/38/aaca432f4e008a88f2bc4d1459aa7016d8d1bbbe801f7e4fa3cf2746557b/coverage-7.16.0-cp314-cp314-musllinux_1_2_i686.whl", hash = "sha256:190ffa0f5af966254c249fb3aeaca2cef389785e3e287fd577d39e134d20f8a3", size = 254454, upload-time = "2026-08-28T21:52:39.425Z" },
    { url = "https://files.pythonhosted.org/packages/cc/db/8430aa87ef0a508f4c17c1b8fa7e0cf80231988d9081aa36c194036592d6/coverage-7.16.0-cp314-cp314-musllinux_1_2_ppc64le.whl", hash = "sha256:0ccc37c00e1a5d30840902c54557e104d04aead872cedf6d2281c8725a467e06", size = 258728, upload-time = "2026-08-28T21:52:41.32Z" },
    { url = "https://files.pythonhosted.org/packages/76/88/cd8aa8c82493ffbd291d3ef5554452fffc634c6c6098a04ac848c79c98f3/coverage-7.16.0-cp314-cp314-musllinux_1_2_riscv64.whl", hash = "sha256:6c60cde430c0e7e3be612973af39b4cff90ec2e2defe7b2b701daea3a0ffff04", size = 254271, upload-time = "2026-08-28T21:52:43.278Z" },
    { url = "https://files.pythonhosted.org/packages/a8/49/fe16c811ea9314a84b48f34e4bf5a3d9013091093b285a74b2272fc863d7/coverage-7.16.0-cp314-cp314-musllinux_1_2_x86_64.whl", hash = "sha256:c5297028c8df849a61b29129cadfe682f90b5b396f528eb319a57d7678eefdad", size = 255927, upload-time = "2026-08-28T21:52:45.461Z" },
    { url = "https://files.pythonhosted.org/packages/d1/45/d0bd410e78cfbf768acc8099b335e1d5c0d5c26103c796d2bebdee001715/coverage-7.16.0-cp314-cp314-win32.whl", hash = "sha256:136988df5bc5a48795d9c42c75c4bbda5d9a78e750a080c1233010edff93a1af", size = 225424, upload-time = "2026-08-28T21:52:47.658Z" },
    { url = "https://files.pythonhosted.org/packages/17/78/1ce6ce4646822e9308dcdb1942eaf31bfd7da43247b8886338b0d6fe3767/coverage-7.16.0-cp314-cp314-win_amd64.whl", hash = "sha256:ce2ba5e9f1842fe09165825abfb3bc6b527c71a27bc2eb3a10f2284ced64506d", size = 225918, upload-time = "2026-08-28T21:52:49.692Z" },
    { url = "https://files.pythonhosted.org/packages/f9/cd/e1323fe3a7dfcdd709451a43fe708ca1dfd36a7fc07b34eb7bd1dfdfb52d/coverage-7.16.0-cp314-cp314-win_arm64.whl", hash = "sha256:a89d07e48d9baead9a15599923a02f62c6df6c3d85aa84ef34be3c9fd6aeb91f", size = 225344, upload-time = "2026-08-28T21:52:51.665Z" },
    { url = "https://files.pythonhosted.org/packages/39/fb/1c15460d4cf915f09ae3ad3862fef4f901838991c5641b0cec545050d810/coverage-7.16.0-cp314-cp314t-macosx_10_15_x86_64.whl", hash = "sha256:6e2854b62601c89a63814ad5def3b90d99c6724cc4cb977f75b725e5fca4b1e3", size = 223986, upload-time = "2026-08-28T21:52:53.572Z" },
    { url = "https://files.pythonhosted.org/packages/9f/73/347d2d0009ac211f79ee2a2364fd2aa19d6b9628dc22ed13a9b9386097ab/coverage-7.16.0-cp314-cp314t-macosx_11_0_arm64.whl", hash = "sha256:f093faf23df888518d273be6da65f0ec5a25b5d8b670231e4d87de07361042e7", size = 224254, upload-time = "2026-08-28T21:52:55.59Z" },
    { url = "https://files.pythonhosted.org/packages/5a/2f/51442e6ad9d705369596f08496021647e276d5b57311818fd4312d93509b/coverage-7.16.0-cp314-cp314t-manylinux1_i686.manylinux_2_28_i686.manylinux_2_5_i686.whl", hash = "sha256:b7dbbbf6551eb94618e7bc76ab61cc2740a5b3d13294171bd6adb36e12346c3c", size = 265619, upload-time = "2026-08-28T21:52:57.645Z" },
    { url = "https://files.pythonhosted.org/packages/ea/8e/0f752276f6d13efbd019ab6d90792e20d6272c44cda039dc5c6d27b91e7f/coverage-7.16.0-cp314-cp314t-manylinux1_x86_64.manylinux_2_28_x86_64.manylinux_2_5_x86_64.whl", hash = "sha256:51e7d0e311d2fba3915f971236cbdd4ad821fc7a23988221c0b33c964b0eba22", size = 267734, upload-time = "2026-08-28T21:52:59.611Z" },
    { url = "https://files.pythonhosted.org/packages/fa/02/4df3baef8029881c9d1a380859f2be73f90080d430def567d182e8566a35/coverage-7.16.0-cp314-cp314t-manylinux2014_aarch64.manylinux_2_17_aarch64.manylinux_2_28_aarch64.whl", hash = "sha256:0bb04ee77e557d7476471969d35fbbfb5fc8a4152e9409aa5811780c36d9b23e", size = 270156, upload-time = "2026-08-28T21:53:01.658Z" },
    { url = "https://files.pythonhosted.org/packages/9f/30/ce10fdb74055ebbfb5c8a025d8845dc19c76e4b2c42bb5c755b56678990c/coverage-7.16.0-cp314-cp314t-manylinux2014_ppc64le.manylinux_2_17_ppc64le.manylinux_2_28_ppc64le.whl", hash = "sha256:c72c9b201dc0e8c2c8821d49858fd865010d08181bf877d2320971b6464ebfd5", size = 271279, upload-time = "2026-08-28T21:53:03.698Z" },
    { url = "https://files.pythonhosted.org/packages/71/19/c7e1fc9504d90da848493bad4018dd235c713a80633e48c5f0a41b63d45e/coverage-7.16.0-cp314-cp314t-manylinux_2_31_riscv64.manylinux_2_39_riscv64.whl", hash = "sha256:0fca700cae4635656668ba6e2b66a85aac9f2622d7b2bcf82e844c409eaa1313", size = 264677, upload-time = "2026-08-28T21:53:05.741Z" },
    { url = "https://files.pythonhosted.org/packages/a4/f3/4021519dd41583ab396c81955387f927779641f6bac26818b6918a45aafc/coverage-7.16.0-cp314-cp314t-musllinux_1_2_aarch64.whl", hash = "sha256:584896fb8b650e999e24ef57e9513e482c12f8e15a73ee9d4584e23c99465867", size = 267610, upload-time = "2026-08-28T21:53:07.763Z" },
    { url = "https://files.pythonhosted.org/packages/55/fc/df65aac93938d8f506434c8e96440c1d696f6be0a6a01d3c6bfe5d49403e/coverage-7.16.0-cp314-cp314t-musllinux_1_2_i686.whl", hash = "sha256:949eae7e0f562b1518355aaef4b03523e49a6d3fea12aa3542d9e36c863f8267", size = 265217, upload-time = "2026-08-28T21:53:09.786Z" },
    { url = "https://files.pythonhosted.org/packages/32/2d/dc9a5e62715165fcb4c715f965f411e324917c9daeddde16536e9d36ce3f/coverage-7.16.0-cp314-cp314t-musllinux_1_2_ppc64le.whl", hash = "sha256:64f0611ee05364fc85cc3e5bc371804117a76fd337720e6017332fc7c534257a", size = 268948, upload-time = "2026-08-28T21:53:11.866Z" },
    { url = "https://files.pythonhosted.org/packages/8b/4e/fe73a5560f25fca52acda76fc1554f30de081793ae4de97e920f8ab161d7/coverage-7.16.0-cp314-cp314t-musllinux_1_2_riscv64.whl", hash = "sha256:050a291b3cfe5e0df5999ef2fa5a7aff6e2db329f069d47eb63f02bde2e7e96b", size = 264061, upload-time = "2026-08-28T21:53:13.996Z" },
    { url = "https://files.pythonhosted.org/packages/b3/f7/bb78cc4b97085ebbd77fa18cbc25abfab462814efa3e2363b4e50885c775/coverage-7.16.0-cp314-cp314t-musllinux_1_2_x86_64.whl", hash = "sha256:a336b1e2990a64f5c356a9b8380fb9c029d56c832b801255250c44d603271bfd", size = 266371, upload-time = "2026-08-28T21:53:16.233Z" },
    { url = "https://files.pythonhosted.org/packages/aa/ec/84b4af5cd4ad498477b3bfb2217e47b048da919451053790efda66f7383c/coverage-7.16.0-cp314-cp314t-win32.whl", hash = "sha256:058631257350b31784ed43ceb808298b6f074edf4ebca4c7ce5082e6bf873a61", size = 225736, upload-time = "2026-08-28T21:53:18.632Z" },
    { url = "https://files.pythonhosted.org/packages/7e/43/50fc0e6c675c3ef14895a74bab2d6120cb5d6f4b562a3d3f5046797758dc/coverage-7.16.0-cp314-cp314t-win_amd64.whl", hash = "sha256:ed35097438dfa980c1ec75bc83edf8acbe7a374d7007e571957a257fbd0e2fb3", size = 226570, upload-time = "2026-08-28T21:53:20.754Z" },
    { url = "https://files.pythonhosted.org/packages/fc/24/9effce7bcd3c6eeb4da3561905837509e582dcdde7a7f07d6ef2c8512f76/coverage-7.16.0-cp314-cp314t-win_arm64.whl", hash = "sha256:0466f4a5c0370461b7d8c7eb259d7d1db0b5756f13d66230b04d22a1d380ee11", size = 225879, upload-time = "2026-08-28T21:53:22.747Z" },
    { url = "https://files.pythonhosted.org/packages/b1/5a/234e8fadf85c3cc48cb31c247b9e8e0c7f06ece80f5b29f9b8c241f9da4c/coverage-7.16.0-py3-none-any.whl", hash = "sha256:245f7de6d023a5bba375dbec9f2e0869bfa26ac0cc639bbb7b4c814884000b73", size = 214977, upload-time = "2026-08-28T21:54:35.189Z" },
]

[[package]]
name = "iniconfig"
version = "2.1.0"
source = { registry = "https://pypi.org/simple" }
sdist = { url = "https://files.pythonhosted.org/packages/f2/97/ebf4da567aa6827c909642694d71c9fcf53e5b504f2d96afea02718862f3/iniconfig-2.1.0.tar.gz", hash = "sha256:3abbd2e30b36733fee78f9c7f7308f2d0050e88f0087fd25c2645f63c773e1c7", size = 4793, upload-time = "2025-03-19T20:09:59.721Z" }
wheels = [
    { url = "https://files.pythonhosted.org/packages/2c/e1/e6716421ea10d38022b952c159d5161ca1193197fb744506875fbb87ea7b/iniconfig-2.1.0-py3-none-any.whl", hash = "sha256:9deba5723312380e77435581c6bf4935c94cbfab9b1ed33ef8d238ea168eb760", size = 6050, upload-time = "2025-03-19T20:10:01.071Z" },
]

[[package]]
name = "movie-actor-runtime"
version = "0.1.0"
source = { editable = "." }

[package.optional-dependencies]
persistence-sqlite = [
    { name = "aiosqlite" },
]

[package.dev-dependencies]
test = [
    { name = "aiosqlite" },
    { name = "pytest" },
    { name = "pytest-cov" },
    { name = "pytest-timeout" },
    { name = "ruff" },
]

[package.metadata]
requires-dist = [{ name = "aiosqlite", marker = "extra == 'persistence-sqlite'", specifier = ">=0.22.1,<0.23" }]
provides-extras = ["persistence-sqlite"]

[package.metadata.requires-dev]
test = [
    { name = "aiosqlite", specifier = ">=0.22.1,<0.23" },
    { name = "pytest", specifier = ">=8.4.2" },
    { name = "pytest-cov", specifier = ">=6.2.1" },
    { name = "pytest-timeout", specifier = ">=2.4.0" },
    { name = "ruff", specifier = ">=0.12.10" },
]

[[package]]
name = "packaging"
version = "25.0"
source = { registry = "https://pypi.org/simple" }
sdist = { url = "https://files.pythonhosted.org/packages/a1/d4/1fc4078c65507b51b96ca8f8c3ba19e6a61c8253c72794544580a7b6c24d/packaging-25.0.tar.gz", hash = "sha256:d443872c98d677bf60f6a1f2f8c1cb748e8fe762d2bf9d3148b5599295b0fc4f", size = 165727, upload-time = "2025-04-19T11:48:59.673Z" }
wheels = [
    { url = "https://files.pythonhosted.org/packages/20/12/38679034af332785aac8774540895e234f4d07f7545804097de4b666afd8/packaging-25.0-py3-none-any.whl", hash = "sha256:29572ef2b1f17581046b3a2227d5c611fb25ec70ca1ba8554b24b0e69331a484", size = 66469, upload-time = "2025-04-19T11:48:57.875Z" },
]

[[package]]
name = "pluggy"
version = "1.6.0"
source = { registry = "https://pypi.org/simple" }
sdist = { url = "https://files.pythonhosted.org/packages/f9/e2/3e91f31a7d2b083fe6ef3fa267035b518369d9511ffab804f839851d2779/pluggy-1.6.0.tar.gz", hash = "sha256:7dcc130b76258d33b90f61b658791dede3486c3e6bfb003ee5c9bfb396dd22f3", size = 69412, upload-time = "2025-05-15T12:30:07.975Z" }
wheels = [
    { url = "https://files.pythonhosted.org/packages/54/20/4d324d65cc6d9205fabedc306948156824eb9f0ee1633355a8f7ec5c66bf/pluggy-1.6.0-py3-none-any.whl", hash = "sha256:e920276dd6813095e9377c0bc5566d94c932c33b27a3e3945d8389c374dd4746", size = 20538, upload-time = "2025-05-15T12:30:06.134Z" },
]

[[package]]
name = "pygments"
version = "2.19.2"
source = { registry = "https://pypi.org/simple" }
sdist = { url = "https://files.pythonhosted.org/packages/b0/77/a5b8c569bf593b0140bde72ea885a803b82086995367bf2037de0159d924/pygments-2.19.2.tar.gz", hash = "sha256:636cb2477cec7f8952536970bc533bc43743542f70392ae026374600add5b887", size = 4968631, upload-time = "2025-06-21T13:39:12.283Z" }
wheels = [
    { url = "https://files.pythonhosted.org/packages/c7/21/705964c7812476f378728bdf590ca4b771ec72385c533964653c68e86bdc/pygments-2.19.2-py3-none-any.whl", hash = "sha256:86540386c03d588bb81d44bc3928634ff26449851e99741617ecb9037ee5ec0b", size = 1225217, upload-time = "2025-06-21T13:39:07.939Z" },
]

[[package]]
name = "pytest"
version = "8.4.2"
source = { registry = "https://pypi.org/simple" }
dependencies = [
    { name = "colorama", marker = "sys_platform == 'win32'" },
    { name = "iniconfig" },
    { name = "packaging" },
    { name = "pluggy" },
    { name = "pygments" },
]
sdist = { url = "https://files.pythonhosted.org/packages/a3/5c/00a0e072241553e1a7496d638deababa67c5058571567b92a7eaa258397c/pytest-8.4.2.tar.gz", hash = "sha256:86c0d0b93306b961d58d62a4db4879f27fe25513d4b969df351abdddb3c30e01", size = 1519618, upload-time = "2025-09-04T14:34:22.711Z" }
wheels = [
    { url = "https://files.pythonhosted.org/packages/a8/a4/20da314d277121d6534b3a980b29035dcd51e6744bd79075a6ce8fa4eb8d/pytest-8.4.2-py3-none-any.whl", hash = "sha256:872f880de3fc3a5bdc88a11b39c9710c3497a547cfa9320bc3c5e62fbf272e79", size = 365750, upload-time = "2025-09-04T14:34:20.226Z" },
]

[[package]]
name = "pytest-cov"
version = "7.1.0"
source = { registry = "https://pypi.org/simple" }
dependencies = [
    { name = "coverage" },
    { name = "pluggy" },
    { name = "pytest" },
]
sdist = { url = "https://files.pythonhosted.org/packages/b1/51/a849f96e117386044471c8ec2bd6cfebacda285da9525c9106aeb28da671/pytest_cov-7.1.0.tar.gz", hash = "sha256:30674f2b5f6351aa09702a9c8c364f6a01c27aae0c1366ae8016160d1efc56b2", size = 55592, upload-time = "2026-03-21T20:11:16.284Z" }
wheels = [
    { url = "https://files.pythonhosted.org/packages/9d/7a/d968e294073affff457b041c2be9868a40c1c71f4a35fcc1e45e5493067b/pytest_cov-7.1.0-py3-none-any.whl", hash = "sha256:a0461110b7865f9a271aa1b51e516c9a95de9d696734a2f71e3e78f46e1d4678", size = 22876, upload-time = "2026-03-21T20:11:14.438Z" },
]

[[package]]
name = "pytest-timeout"
version = "2.4.0"
source = { registry = "https://pypi.org/simple" }
dependencies = [
    { name = "pytest" },
]
sdist = { url = "https://files.pythonhosted.org/packages/ac/82/4c9ecabab13363e72d880f2fb504c5f750433b2b6f16e99f4ec21ada284c/pytest_timeout-2.4.0.tar.gz", hash = "sha256:7e68e90b01f9eff71332b25001f85c75495fc4e3a836701876183c4bcfd0540a", size = 17973, upload-time = "2025-05-05T19:44:34.99Z" }
wheels = [
    { url = "https://files.pythonhosted.org/packages/fa/b6/3127540ecdf1464a00e5a01ee60a1b09175f6913f0644ac748494d9c4b21/pytest_timeout-2.4.0-py3-none-any.whl", hash = "sha256:c42667e5cdadb151aeb5b26d114aff6bdf5a907f176a007a30b940d3d865b5c2", size = 14382, upload-time = "2025-05-05T19:44:33.502Z" },
]

[[package]]
name = "ruff"
version = "0.16.5"
source = { registry = "https://pypi.org/simple" }
sdist = { url = "https://files.pythonhosted.org/packages/f3/85/c8e12473c93018f92d19dd988a294202e1c27426c47ec4de53ffb847b8d8/ruff-0.16.5.tar.gz", hash = "sha256:1b88500f9ffbcab3dedb0082c9f9492e91ec3d618aac1236a3e0189938f7040b", size = 4912003, upload-time = "2026-08-27T16:34:18.258Z" }
wheels = [
    { url = "https://files.pythonhosted.org/packages/c6/b6/77c90a970fe2dae17a723acbd011043ea97c98d7deacccefdc4ba74ec512/ruff-0.16.5-py3-none-linux_armv6l.whl", hash = "sha256:12e5f673e774c35fbb62f288809c7653b73445f8ecec6b6063fd6ea3521aa14b", size = 10011941, upload-time = "2026-08-27T16:33:41.287Z" },
    { url = "https://files.pythonhosted.org/packages/4b/46/6cf67cf6411885a1d6f7f6d801682f155536a85176d10b605e2ceffed8bd/ruff-0.16.5-py3-none-macosx_10_12_x86_64.whl", hash = "sha256:eda58a5802de40e7ed5b32b64e0b32539338cc6fcd2c78f61e3ad6a0d79f51c3", size = 10204049, upload-time = "2026-08-27T16:33:44.056Z" },
    { url = "https://files.pythonhosted.org/packages/46/fd/c8720ca7a090abf0c2fef4abe8a5ef6e5127ed15196d8886ff75a2b370e2/ruff-0.16.5-py3-none-macosx_11_0_arm64.whl", hash = "sha256:c5ae9a7b9a8875131f40f8fe967cc86abf899779efd663cb7ce3d572d01da7eb", size = 9809037, upload-time = "2026-08-27T16:33:46.257Z" },
    { url = "https://files.pythonhosted.org/packages/43/45/a684caacdedaca180f52bacccc40bf0789d2c5a7c75f25324853e9eaedb5/ruff-0.16.5-py3-none-manylinux_2_17_aarch64.manylinux2014_aarch64.whl", hash = "sha256:7b719b0a1f4d59710d283ab2965f621684a108a9e41da622e3b23f0326cd0025", size = 9964129, upload-time = "2026-08-27T16:33:48.352Z" },
    { url = "https://files.pythonhosted.org/packages/9e/f2/5d2bcdaca6b5b93d1b4dfc166cd2aebf7680143a1b38a28759df13a94d31/ruff-0.16.5-py3-none-manylinux_2_17_armv7l.manylinux2014_armv7l.whl", hash = "sha256:2298f2780ed1be0c5cb1361e32ab7b1467f3cce7dabe101d2210a314f2fe42e9", size = 9821518, upload-time = "2026-08-27T16:33:50.57Z" },
    { url = "https://files.pythonhosted.org/packages/aa/ff/011cce29accf9257d5974145b733fc653a37985ed6825413a3987cefbfe0/ruff-0.16.5-py3-none-manylinux_2_17_i686.manylinux2014_i686.whl", hash = "sha256:258f29035a2dd021e7861e631b227a5b3f14e50c1184c9a6a122c5f4576154d7", size = 10534835, upload-time = "2026-08-27T16:33:52.522Z" },
    { url = "https://files.pythonhosted.org/packages/d7/5a/f0cf109bada9bba0e96c90c21c9f9251803f57225c32d293327a03c710d6/ruff-0.16.5-py3-none-manylinux_2_17_ppc64le.manylinux2014_ppc64le.whl", hash = "sha256:b9a4f0432966834019c74d1b7e5c51224305d7713f3d7faf3e7451f1a3be3cde", size = 11252550, upload-time = "2026-08-27T16:33:54.521Z" },
    { url = "https://files.pythonhosted.org/packages/63/4d/1d481aaea2046c6a7ed7c291f9004c669cce3c087b6b376ed5b08271e3fe/ruff-0.16.5-py3-none-manylinux_2_17_s390x.manylinux2014_s390x.whl", hash = "sha256:b5eb3a8c3d0ade9cea42b591fd530368e8798380e30e0a308b85a5cf718f09ea", size = 10777949, upload-time = "2026-08-27T16:33:56.88Z" },
    { url = "https://files.pythonhosted.org/packages/ee/34/ee245ca55f64443233034b3d02b03236b19242004281247c079390b7facd/ruff-0.16.5-py3-none-manylinux_2_17_x86_64.manylinux2014_x86_64.whl", hash = "sha256:ef0f69e191a13a3c9816f63163c88790cb12cd157bbbb384e9c44745702ab105", size = 10311656, upload-time = "2026-08-27T16:33:59.12Z" },
    { url = "https://files.pythonhosted.org/packages/a7/4d/c33a333e341c0a2b96c715b52d89a606f5a34cd4ac493cd9b8d0187186b8/ruff-0.16.5-py3-none-manylinux_2_31_riscv64.whl", hash = "sha256:0eeab41fbea2c42f98dfb9822cdccda9d24ba38d49f6dc945b5c236d48f0ef29", size = 10532125, upload-time = "2026-08-27T16:34:01.166Z" },
    { url = "https://files.pythonhosted.org/packages/30/e1/a64cef78b40192497bb98a27a8aa8f2c98ee9ee15bc97f7712d94ef32937/ruff-0.16.5-py3-none-musllinux_1_2_aarch64.whl", hash = "sha256:f0768e9df4300713fff30733c87575f68b6f1d8de41184e505b7fdd9c0c95eaf", size = 10097648, upload-time = "2026-08-27T16:34:03.16Z" },
    { url = "https://files.pythonhosted.org/packages/cc/4e/4cdc9ed3c3e109d2f71e62572a37457298d7bc7501ec3138babb7ed32bbd/ruff-0.16.5-py3-none-musllinux_1_2_armv7l.whl", hash = "sha256:95cc70cdc7aa80c338de356279d2adbeb2de0f520b9ecd8aba75b94e95e02f91", size = 9829344, upload-time = "2026-08-27T16:34:05.134Z" },
    { url = "https://files.pythonhosted.org/packages/39/4a/31ed35ce31729955fc583ee0d176d6e784c1290cb0b0a75cb2134c1ab72a/ruff-0.16.5-py3-none-musllinux_1_2_i686.whl", hash = "sha256:d185c8398ded1bfd91c0c2cb258346307571eccc473a8490af8c3977399c384a", size = 10277117, upload-time = "2026-08-27T16:34:07.425Z" },
    { url = "https://files.pythonhosted.org/packages/a8/a0/60356d86687b4b666d593df213f4dc3041750d024cb7bf2cfa81cfd65c2e/ruff-0.16.5-py3-none-musllinux_1_2_x86_64.whl", hash = "sha256:fb8e3a3c4c6a784150a7ced53b015f4b253fc2bf97a610886419ead64b4756ef", size = 10711653, upload-time = "2026-08-27T16:34:09.712Z" },
    { url = "https://files.pythonhosted.org/packages/ed/20/656d67f5b25ca9bda4e02b1de25867b2954e1d19e03648060f167ad0f4cc/ruff-0.16.5-py3-none-win32.whl", hash = "sha256:288b0a5f080492fe5635db849f9e2e84aa3cce7b7f0e955997d416c507c76a26", size = 10034250, upload-time = "2026-08-27T16:34:11.8Z" },
    { url = "https://files.pythonhosted.org/packages/5b/42/ee8e68a207b9127fcde6c3d7e197def432f346cb1af159e1fa14ca0d1cdc/ruff-0.16.5-py3-none-win_amd64.whl", hash = "sha256:ddc6385fb2137f616357ca03d6c74f4be987f80fed4008566b754f6032b8546f", size = 10516714, upload-time = "2026-08-27T16:34:13.963Z" },
    { url = "https://files.pythonhosted.org/packages/73/e3/7df5a396e445b9ba49ce9a9437439a4d80042c61c0ade199abf8d16de1ac/ruff-0.16.5-py3-none-win_arm64.whl", hash = "sha256:a64abe90968719b851bb7cedffaa8753fbdbdadab483089682db623f3edc587e", size = 10391564, upload-time = "2026-08-27T16:34:16.064Z" },
]
